
Microsoft Visual Studio Solution File, Format Version 11.00
# Visual Studio 2010
Project("{FAE04EC0-301F-11D3-BF4B-00C04F79EFBC}") = "PFC IA v0.2", "Assembly-CSharp.csproj", "{B39C99E5-5779-8A9B-0561-46A6A58E9FA7}"
EndProject
Project("{FAE04EC0-301F-11D3-BF4B-00C04F79EFBC}") = "PFC IA v0.2", "Assembly-CSharp-Editor.csproj", "{72CC0122-AF12-E742-90BC-FBE998680C07}"
EndProject
Project("{A40C4095-55D4-5DBB-7348-E5C3DD9215B9}") = "PFC IA v0.2", "Assembly-Boo-Editor.booproj", "{6282041F-FA5B-A4EC-6042-1AFB009D5252}"
EndProject
Project("{A40C4095-55D4-5DBB-7348-E5C3DD9215B9}") = "PFC IA v0.2", "Assembly-UnityScript-Editor.unityproj", "{DBD8C3EF-11D2-7C38-2CF8-7DD1318954C3}"
EndProject
Global
	GlobalSection(SolutionConfigurationPlatforms) = preSolution
		Debug|Any CPU = Debug|Any CPU
		Release|Any CPU = Release|Any CPU
	EndGlobalSection
	GlobalSection(ProjectConfigurationPlatforms) = postSolution
		{B39C99E5-5779-8A9B-0561-46A6A58E9FA7}.Debug|Any CPU.ActiveCfg = Debug|Any CPU
		{B39C99E5-5779-8A9B-0561-46A6A58E9FA7}.Debug|Any CPU.Build.0 = Debug|Any CPU
		{B39C99E5-5779-8A9B-0561-46A6A58E9FA7}.Release|Any CPU.ActiveCfg = Release|Any CPU
		{B39C99E5-5779-8A9B-0561-46A6A58E9FA7}.Release|Any CPU.Build.0 = Release|Any CPU
		{72CC0122-AF12-E742-90BC-FBE998680C07}.Debug|Any CPU.ActiveCfg = Debug|Any CPU
		{72CC0122-AF12-E742-90BC-FBE998680C07}.Debug|Any CPU.Build.0 = Debug|Any CPU
		{72CC0122-AF12-E742-90BC-FBE998680C07}.Release|Any CPU.ActiveCfg = Release|Any CPU
		{72CC0122-AF12-E742-90BC-FBE998680C07}.Release|Any CPU.Build.0 = Release|Any CPU
		{6282041F-FA5B-A4EC-6042-1AFB009D5252}.Debug|Any CPU.ActiveCfg = Debug|Any CPU
		{6282041F-FA5B-A4EC-6042-1AFB009D5252}.Debug|Any CPU.Build.0 = Debug|Any CPU
		{6282041F-FA5B-A4EC-6042-1AFB009D5252}.Release|Any CPU.ActiveCfg = Release|Any CPU
		{6282041F-FA5B-A4EC-6042-1AFB009D5252}.Release|Any CPU.Build.0 = Release|Any CPU
		{DBD8C3EF-11D2-7C38-2CF8-7DD1318954C3}.Debug|Any CPU.ActiveCfg = Debug|Any CPU
		{DBD8C3EF-11D2-7C38-2CF8-7DD1318954C3}.Debug|Any CPU.Build.0 = Debug|Any CPU
		{DBD8C3EF-11D2-7C38-2CF8-7DD1318954C3}.Release|Any CPU.ActiveCfg = Release|Any CPU
		{DBD8C3EF-11D2-7C38-2CF8-7DD1318954C3}.Release|Any CPU.Build.0 = Release|Any CPU
	EndGlobalSection
	GlobalSection(SolutionProperties) = preSolution
		HideSolutionNode = FALSE
	EndGlobalSection
	GlobalSection(MonoDevelopProperties) = preSolution
		StartupItem = Assembly-CSharp.csproj
	EndGlobalSection
EndGlobal
