
Microsoft Visual Studio Solution File, Format Version 11.00
# Visual Studio 2010
Project("{FAE04EC0-301F-11D3-BF4B-00C04F79EFBC}") = "PFC IA v0.1", "Assembly-CSharp.csproj", "{8009D6F8-980A-FA25-D025-4904172ADF48}"
EndProject
Project("{FAE04EC0-301F-11D3-BF4B-00C04F79EFBC}") = "PFC IA v0.1", "Assembly-CSharp-Editor.csproj", "{A7183B0C-0F2D-4C1A-BE70-8E1333C783E2}"
EndProject
Project("{EF3AE006-CE4B-2BAE-3C89-A8F0174655A2}") = "PFC IA v0.1", "Assembly-Boo-Editor.booproj", "{F0AA675B-7690-09A7-5B16-90219C937426}"
EndProject
Project("{EF3AE006-CE4B-2BAE-3C89-A8F0174655A2}") = "PFC IA v0.1", "Assembly-UnityScript-Editor.unityproj", "{8DE06CBA-6005-C285-F408-B7BCEC49403E}"
EndProject
Global
	GlobalSection(SolutionConfigurationPlatforms) = preSolution
		Debug|Any CPU = Debug|Any CPU
		Release|Any CPU = Release|Any CPU
	EndGlobalSection
	GlobalSection(ProjectConfigurationPlatforms) = postSolution
		{8009D6F8-980A-FA25-D025-4904172ADF48}.Debug|Any CPU.ActiveCfg = Debug|Any CPU
		{8009D6F8-980A-FA25-D025-4904172ADF48}.Debug|Any CPU.Build.0 = Debug|Any CPU
		{8009D6F8-980A-FA25-D025-4904172ADF48}.Release|Any CPU.ActiveCfg = Release|Any CPU
		{8009D6F8-980A-FA25-D025-4904172ADF48}.Release|Any CPU.Build.0 = Release|Any CPU
		{A7183B0C-0F2D-4C1A-BE70-8E1333C783E2}.Debug|Any CPU.ActiveCfg = Debug|Any CPU
		{A7183B0C-0F2D-4C1A-BE70-8E1333C783E2}.Debug|Any CPU.Build.0 = Debug|Any CPU
		{A7183B0C-0F2D-4C1A-BE70-8E1333C783E2}.Release|Any CPU.ActiveCfg = Release|Any CPU
		{A7183B0C-0F2D-4C1A-BE70-8E1333C783E2}.Release|Any CPU.Build.0 = Release|Any CPU
		{F0AA675B-7690-09A7-5B16-90219C937426}.Debug|Any CPU.ActiveCfg = Debug|Any CPU
		{F0AA675B-7690-09A7-5B16-90219C937426}.Debug|Any CPU.Build.0 = Debug|Any CPU
		{F0AA675B-7690-09A7-5B16-90219C937426}.Release|Any CPU.ActiveCfg = Release|Any CPU
		{F0AA675B-7690-09A7-5B16-90219C937426}.Release|Any CPU.Build.0 = Release|Any CPU
		{8DE06CBA-6005-C285-F408-B7BCEC49403E}.Debug|Any CPU.ActiveCfg = Debug|Any CPU
		{8DE06CBA-6005-C285-F408-B7BCEC49403E}.Debug|Any CPU.Build.0 = Debug|Any CPU
		{8DE06CBA-6005-C285-F408-B7BCEC49403E}.Release|Any CPU.ActiveCfg = Release|Any CPU
		{8DE06CBA-6005-C285-F408-B7BCEC49403E}.Release|Any CPU.Build.0 = Release|Any CPU
	EndGlobalSection
	GlobalSection(SolutionProperties) = preSolution
		HideSolutionNode = FALSE
	EndGlobalSection
	GlobalSection(MonoDevelopProperties) = preSolution
		StartupItem = Assembly-CSharp.csproj
	EndGlobalSection
EndGlobal
